
Microsoft Visual Studio Solution File, Format Version 11.00
# Visual Studio 2010
Project("{FAE04EC0-301F-11D3-BF4B-00C04F79EFBC}") = "Milestone2Take3", "Assembly-CSharp.csproj", "{6EA8F3FC-CEDB-C312-7D82-03795D0F0188}"
EndProject
Global
	GlobalSection(SolutionConfigurationPlatforms) = preSolution
		Debug|Any CPU = Debug|Any CPU
		Release|Any CPU = Release|Any CPU
	EndGlobalSection
	GlobalSection(ProjectConfigurationPlatforms) = postSolution
		{6EA8F3FC-CEDB-C312-7D82-03795D0F0188}.Debug|Any CPU.ActiveCfg = Debug|Any CPU
		{6EA8F3FC-CEDB-C312-7D82-03795D0F0188}.Debug|Any CPU.Build.0 = Debug|Any CPU
		{6EA8F3FC-CEDB-C312-7D82-03795D0F0188}.Release|Any CPU.ActiveCfg = Release|Any CPU
		{6EA8F3FC-CEDB-C312-7D82-03795D0F0188}.Release|Any CPU.Build.0 = Release|Any CPU
	EndGlobalSection
	GlobalSection(SolutionProperties) = preSolution
		HideSolutionNode = FALSE
	EndGlobalSection
	GlobalSection(MonoDevelopProperties) = preSolution
		StartupItem = Assembly-CSharp.csproj
	EndGlobalSection
EndGlobal
